STORAGE: NONE
RESTRICTION: == net10.0
NUGET
  remote: https://api.nuget.org/v3/index.json
    FSharp.Core (10.0.100)
    Humanizer (3.0.1)
      Humanizer.Core.af (>= 3.0.1)
      Humanizer.Core.ar (>= 3.0.1)
      Humanizer.Core.az (>= 3.0.1)
      Humanizer.Core.bg (>= 3.0.1)
      Humanizer.Core.bn (>= 3.0.1)
      Humanizer.Core.ca (>= 3.0.1)
      Humanizer.Core.cs (>= 3.0.1)
      Humanizer.Core.da (>= 3.0.1)
      Humanizer.Core.de (>= 3.0.1)
      Humanizer.Core.el (>= 3.0.1)
      Humanizer.Core.es (>= 3.0.1)
      Humanizer.Core.fa (>= 3.0.1)
      Humanizer.Core.fi (>= 3.0.1)
      Humanizer.Core.fil (>= 3.0.1)
      Humanizer.Core.fr (>= 3.0.1)
      Humanizer.Core.he (>= 3.0.1)
      Humanizer.Core.hr (>= 3.0.1)
      Humanizer.Core.hu (>= 3.0.1)
      Humanizer.Core.hy (>= 3.0.1)
      Humanizer.Core.id (>= 3.0.1)
      Humanizer.Core.is (>= 3.0.1)
      Humanizer.Core.it (>= 3.0.1)
      Humanizer.Core.ja (>= 3.0.1)
      Humanizer.Core.ko (>= 3.0.1)
      Humanizer.Core.ku (>= 3.0.1)
      Humanizer.Core.lb (>= 3.0.1)
      Humanizer.Core.lt (>= 3.0.1)
      Humanizer.Core.lv (>= 3.0.1)
      Humanizer.Core.ms (>= 3.0.1)
      Humanizer.Core.mt (>= 3.0.1)
      Humanizer.Core.nb (>= 3.0.1)
      Humanizer.Core.nl (>= 3.0.1)
      Humanizer.Core.pl (>= 3.0.1)
      Humanizer.Core.pt (>= 3.0.1)
      Humanizer.Core.pt-BR (>= 3.0.1)
      Humanizer.Core.ro (>= 3.0.1)
      Humanizer.Core.ru (>= 3.0.1)
      Humanizer.Core.sk (>= 3.0.1)
      Humanizer.Core.sl (>= 3.0.1)
      Humanizer.Core.sr (>= 3.0.1)
      Humanizer.Core.sr-Latn (>= 3.0.1)
      Humanizer.Core.sv (>= 3.0.1)
      Humanizer.Core.th (>= 3.0.1)
      Humanizer.Core.tr (>= 3.0.1)
      Humanizer.Core.uk (>= 3.0.1)
      Humanizer.Core.uz-Cyrl-UZ (>= 3.0.1)
      Humanizer.Core.uz-Latn-UZ (>= 3.0.1)
      Humanizer.Core.vi (>= 3.0.1)
      Humanizer.Core.zh-CN (>= 3.0.1)
      Humanizer.Core.zh-Hans (>= 3.0.1)
      Humanizer.Core.zh-Hant (>= 3.0.1)
    Humanizer.Core (3.0.1)
    Humanizer.Core.af (3.0.1)
      Humanizer.Core (3.0.1)
    Humanizer.Core.ar (3.0.1)
      Humanizer.Core (3.0.1)
    Humanizer.Core.az (3.0.1)
      Humanizer.Core (3.0.1)
    Humanizer.Core.bg (3.0.1)
      Humanizer.Core (3.0.1)
    Humanizer.Core.bn (3.0.1)
      Humanizer.Core (3.0.1)
    Humanizer.Core.ca (3.0.1)
      Humanizer.Core (3.0.1)
    Humanizer.Core.cs (3.0.1)
      Humanizer.Core (3.0.1)
    Humanizer.Core.da (3.0.1)
      Humanizer.Core (3.0.1)
    Humanizer.Core.de (3.0.1)
      Humanizer.Core (3.0.1)
    Humanizer.Core.el (3.0.1)
      Humanizer.Core (3.0.1)
    Humanizer.Core.es (3.0.1)
      Humanizer.Core (3.0.1)
    Humanizer.Core.fa (3.0.1)
      Humanizer.Core (3.0.1)
    Humanizer.Core.fi (3.0.1)
      Humanizer.Core (3.0.1)
    Humanizer.Core.fil (3.0.1)
      Humanizer.Core (3.0.1)
    Humanizer.Core.fr (3.0.1)
      Humanizer.Core (3.0.1)
    Humanizer.Core.he (3.0.1)
      Humanizer.Core (3.0.1)
    Humanizer.Core.hr (3.0.1)
      Humanizer.Core (3.0.1)
    Humanizer.Core.hu (3.0.1)
      Humanizer.Core (3.0.1)
    Humanizer.Core.hy (3.0.1)
      Humanizer.Core (3.0.1)
    Humanizer.Core.id (3.0.1)
      Humanizer.Core (3.0.1)
    Humanizer.Core.is (3.0.1)
      Humanizer.Core (3.0.1)
    Humanizer.Core.it (3.0.1)
      Humanizer.Core (3.0.1)
    Humanizer.Core.ja (3.0.1)
      Humanizer.Core (3.0.1)
    Humanizer.Core.ko (3.0.1)
      Humanizer.Core (3.0.1)
    Humanizer.Core.ku (3.0.1)
      Humanizer.Core (3.0.1)
    Humanizer.Core.lb (3.0.1)
      Humanizer.Core (3.0.1)
    Humanizer.Core.lt (3.0.1)
      Humanizer.Core (3.0.1)
    Humanizer.Core.lv (3.0.1)
      Humanizer.Core (3.0.1)
    Humanizer.Core.ms (3.0.1)
      Humanizer.Core (3.0.1)
    Humanizer.Core.mt (3.0.1)
      Humanizer.Core (3.0.1)
    Humanizer.Core.nb (3.0.1)
      Humanizer.Core (3.0.1)
    Humanizer.Core.nl (3.0.1)
      Humanizer.Core (3.0.1)
    Humanizer.Core.pl (3.0.1)
      Humanizer.Core (3.0.1)
    Humanizer.Core.pt (3.0.1)
      Humanizer.Core (3.0.1)
    Humanizer.Core.pt-BR (3.0.1)
      Humanizer.Core (3.0.1)
    Humanizer.Core.ro (3.0.1)
      Humanizer.Core (3.0.1)
    Humanizer.Core.ru (3.0.1)
      Humanizer.Core (3.0.1)
    Humanizer.Core.sk (3.0.1)
      Humanizer.Core (3.0.1)
    Humanizer.Core.sl (3.0.1)
      Humanizer.Core (3.0.1)
    Humanizer.Core.sr (3.0.1)
      Humanizer.Core (3.0.1)
    Humanizer.Core.sr-Latn (3.0.1)
      Humanizer.Core (3.0.1)
    Humanizer.Core.sv (3.0.1)
      Humanizer.Core (3.0.1)
    Humanizer.Core.th (3.0.1)
      Humanizer.Core (3.0.1)
    Humanizer.Core.tr (3.0.1)
      Humanizer.Core (3.0.1)
    Humanizer.Core.uk (3.0.1)
      Humanizer.Core (3.0.1)
    Humanizer.Core.uz-Cyrl-UZ (3.0.1)
      Humanizer.Core (3.0.1)
    Humanizer.Core.uz-Latn-UZ (3.0.1)
      Humanizer.Core (3.0.1)
    Humanizer.Core.vi (3.0.1)
      Humanizer.Core (3.0.1)
    Humanizer.Core.zh-CN (3.0.1)
      Humanizer.Core (3.0.1)
    Humanizer.Core.zh-Hans (3.0.1)
      Humanizer.Core (3.0.1)
    Humanizer.Core.zh-Hant (3.0.1)
      Humanizer.Core (3.0.1)
    LibGit2Sharp (0.31)
      LibGit2Sharp.NativeBinaries (2.0.323)
    LibGit2Sharp.NativeBinaries (2.0.323)

GROUP Tests
STORAGE: NONE
NUGET
  remote: https://api.nuget.org/v3/index.json
    coverlet.collector (6.0.4)
    FSharp.Core (10.0.100) - restriction: >= netstandard2.0
    Microsoft.ApplicationInsights (2.23) - restriction: || (&& (>= net462) (>= netstandard2.0)) (>= netcoreapp3.1)
      System.Diagnostics.DiagnosticSource (>= 5.0) - restriction: || (&& (>= net452) (< netstandard2.0)) (&& (< net452) (>= netstandard2.0)) (>= net46)
    Microsoft.CodeCoverage (18.0.1) - restriction: || (>= net462) (>= net8.0)
    Microsoft.NET.Test.Sdk (18.0.1)
      Microsoft.CodeCoverage (>= 18.0.1) - restriction: || (>= net462) (>= net8.0)
      Microsoft.TestPlatform.TestHost (>= 18.0.1) - restriction: >= net8.0
    Microsoft.Testing.Extensions.Telemetry (2.0.2) - restriction: || (&& (>= net462) (>= netstandard2.0)) (>= netcoreapp3.1)
      Microsoft.ApplicationInsights (>= 2.23) - restriction: >= netstandard2.0
      Microsoft.Testing.Platform (>= 2.0.2) - restriction: >= netstandard2.0
      System.Diagnostics.DiagnosticSource (>= 6.0) - restriction: && (< net8.0) (>= netstandard2.0)
    Microsoft.Testing.Extensions.TrxReport.Abstractions (2.0.2) - restriction: || (&& (>= net462) (>= netstandard2.0)) (>= netcoreapp3.1)
      Microsoft.Testing.Platform (>= 2.0.2) - restriction: >= netstandard2.0
    Microsoft.Testing.Extensions.VSTestBridge (2.0.2) - restriction: || (>= net462) (>= netcoreapp3.1)
      Microsoft.Testing.Extensions.Telemetry (>= 2.0.2) - restriction: >= netstandard2.0
      Microsoft.Testing.Extensions.TrxReport.Abstractions (>= 2.0.2) - restriction: >= netstandard2.0
      Microsoft.Testing.Platform (>= 2.0.2) - restriction: >= netstandard2.0
      Microsoft.TestPlatform.AdapterUtilities (>= 18.0.1) - restriction: >= netstandard2.0
      Microsoft.TestPlatform.ObjectModel (>= 18.0.1) - restriction: >= netstandard2.0
    Microsoft.Testing.Platform (2.0.2) - restriction: || (&& (>= net462) (>= netstandard2.0)) (>= netcoreapp3.1)
    Microsoft.Testing.Platform.MSBuild (2.0.2) - restriction: || (>= net462) (>= netcoreapp3.1)
      Microsoft.Testing.Platform (>= 2.0.2) - restriction: >= netstandard2.0
    Microsoft.TestPlatform.AdapterUtilities (18.0.1) - restriction: || (&& (>= net462) (>= netstandard2.0)) (>= netcoreapp3.1)
    Microsoft.TestPlatform.ObjectModel (18.0.1) - restriction: || (&& (>= net462) (>= netstandard2.0)) (>= netcoreapp3.1)
      System.Reflection.Metadata (>= 8.0) - restriction: || (>= net462) (>= netstandard2.0)
    Microsoft.TestPlatform.TestHost (18.0.1) - restriction: >= net8.0
      Microsoft.TestPlatform.ObjectModel (>= 18.0.1) - restriction: >= net8.0
      Newtonsoft.Json (>= 13.0.3) - restriction: >= net8.0
    Newtonsoft.Json (13.0.4) - restriction: >= net8.0
    NUnit (4.4)
      System.Threading.Tasks.Extensions (>= 4.5.4) - restriction: >= net462
      System.ValueTuple (>= 4.5) - restriction: >= net462
    NUnit.Analyzers (4.11.2)
    NUnit3TestAdapter (5.2)
      Microsoft.Testing.Extensions.VSTestBridge (>= 1.9) - restriction: || (>= net462) (>= netcoreapp3.1)
      Microsoft.Testing.Platform.MSBuild (>= 1.9) - restriction: || (>= net462) (>= netcoreapp3.1)
    System.Buffers (4.6.1) - restriction: || (&& (>= net462) (>= netcoreapp3.1)) (&& (>= net462) (>= netstandard2.0)) (&& (< netcoreapp2.1) (>= netcoreapp3.1) (< netstandard2.1))
    System.Collections.Immutable (10.0) - restriction: || (&& (< net10.0) (>= net9.0)) (&& (>= net462) (>= net8.0)) (&& (>= net462) (>= net9.0)) (&& (>= net462) (>= netcoreapp3.1)) (&& (>= net462) (>= netstandard2.0)) (&& (>= net8.0) (< net9.0)) (&& (< net8.0) (>= netcoreapp3.1))
      System.Memory (>= 4.6.3) - restriction: || (>= net462) (&& (< net8.0) (>= netstandard2.0))
      System.Runtime.CompilerServices.Unsafe (>= 6.1.2) - restriction: || (>= net462) (&& (< net8.0) (>= netstandard2.0))
    System.Diagnostics.DiagnosticSource (10.0) - restriction: || (&& (>= net462) (>= netstandard2.0)) (>= netcoreapp3.1)
      System.Memory (>= 4.6.3) - restriction: || (>= net462) (&& (< net8.0) (>= netstandard2.0))
      System.Runtime.CompilerServices.Unsafe (>= 6.1.2) - restriction: || (>= net462) (&& (< net8.0) (>= netstandard2.0))
    System.Memory (4.6.3) - restriction: || (&& (>= net462) (>= netcoreapp3.1)) (&& (>= net462) (>= netstandard2.0)) (&& (< net8.0) (>= netcoreapp3.1))
      System.Buffers (>= 4.6.1) - restriction: || (>= net462) (&& (< netcoreapp2.1) (>= netstandard2.0) (< netstandard2.1))
      System.Numerics.Vectors (>= 4.6.1) - restriction: || (>= net462) (&& (< netcoreapp2.1) (>= netstandard2.0) (< netstandard2.1))
      System.Runtime.CompilerServices.Unsafe (>= 6.1.2) - restriction: || (>= net462) (&& (< netcoreapp2.1) (>= netstandard2.0) (< netstandard2.1))
    System.Numerics.Vectors (4.6.1) - restriction: || (&& (>= net462) (>= netcoreapp3.1)) (&& (>= net462) (>= netstandard2.0)) (&& (< netcoreapp2.1) (>= netcoreapp3.1) (< netstandard2.1))
    System.Reflection.Metadata (10.0) - restriction: || (&& (>= net462) (>= netstandard2.0)) (>= netcoreapp3.1)
      System.Collections.Immutable (>= 10.0) - restriction: || (&& (< net10.0) (>= net9.0)) (>= net462) (&& (>= net8.0) (< net9.0)) (&& (< net8.0) (>= netstandard2.0))
    System.Runtime.CompilerServices.Unsafe (6.1.2) - restriction: || (>= net462) (&& (< net8.0) (>= netcoreapp3.1)) (&& (< netcoreapp2.1) (>= netcoreapp3.1) (< netstandard2.1))
    System.Threading.Tasks.Extensions (4.6.3) - restriction: >= net462
      System.Runtime.CompilerServices.Unsafe (>= 6.1.2) - restriction: || (>= net462) (&& (< netcoreapp2.1) (>= netstandard2.0) (< netstandard2.1))
    System.ValueTuple (4.6.1) - restriction: >= net462
    Unquote (7.0.1)
      FSharp.Core (>= 6.0) - restriction: >= netstandard2.0
